// !$*UTF8*$!
{
	archiveVersion = 1;
	classes = {
	};
	objectVersion = 50;
	objects = {

/* Begin PBXBuildFile section */
		813886734DFEB80179F90D44 /* Pods_PaymentApp.framework in Frameworks */ = {isa = PBXBuildFile; fileRef = E733EA0883B94C5EC6496AAA /* Pods_PaymentApp.framework */; };
		868B02CA21BF442100AA6751 /* AppDelegate.swift in Sources */ = {isa = PBXBuildFile; fileRef = 868B02C921BF442100AA6751 /* AppDelegate.swift */; };
		868B02CC21BF442100AA6751 /* ViewController.swift in Sources */ = {isa = PBXBuildFile; fileRef = 868B02CB21BF442100AA6751 /* ViewController.swift */; };
		868B02CF21BF442100AA6751 /* Main.storyboard in Resources */ = {isa = PBXBuildFile; fileRef = 868B02CD21BF442100AA6751 /* Main.storyboard */; };
		868B02D121BF442200AA6751 /* Assets.xcassets in Resources */ = {isa = PBXBuildFile; fileRef = 868B02D021BF442200AA6751 /* Assets.xcassets */; };
		868B02D421BF442200AA6751 /* LaunchScreen.storyboard in Resources */ = {isa = PBXBuildFile; fileRef = 868B02D221BF442200AA6751 /* LaunchScreen.storyboard */; };
		868B02DF21BF442200AA6751 /* PaymentAppTests.swift in Sources */ = {isa = PBXBuildFile; fileRef = 868B02DE21BF442200AA6751 /* PaymentAppTests.swift */; };
		868B02EA21BF442200AA6751 /* PaymentAppUITests.swift in Sources */ = {isa = PBXBuildFile; fileRef = 868B02E921BF442200AA6751 /* PaymentAppUITests.swift */; };
		86F2515821BF50B500F0DBED /* CreditCardViewController.swift in Sources */ = {isa = PBXBuildFile; fileRef = 86F2515721BF50B500F0DBED /* CreditCardViewController.swift */; };
		86F2515A21BF781600F0DBED /* BankViewController.swift in Sources */ = {isa = PBXBuildFile; fileRef = 86F2515921BF781600F0DBED /* BankViewController.swift */; };
		CF86CC07D0F41253175E2CC7 /* Pods_PaymentAppUITests.framework in Frameworks */ = {isa = PBXBuildFile; fileRef = 26E5765D35B27897B592866A /* Pods_PaymentAppUITests.framework */; };
		DBDEB48B9A3F1DE0A9B3041D /* Pods_PaymentAppTests.framework in Frameworks */ = {isa = PBXBuildFile; fileRef = BEF5210D1447730DABB1B9CF /* Pods_PaymentAppTests.framework */; };
/* End PBXBuildFile section */

/* Begin PBXContainerItemProxy section */
		868B02DB21BF442200AA6751 /* PBXContainerItemProxy */ = {
			isa = PBXContainerItemProxy;
			containerPortal = 868B02BE21BF442100AA6751 /* Project object */;
			proxyType = 1;
			remoteGlobalIDString = 868B02C521BF442100AA6751;
			remoteInfo = PaymentApp;
		};
		868B02E621BF442200AA6751 /* PBXContainerItemProxy */ = {
			isa = PBXContainerItemProxy;
			containerPortal = 868B02BE21BF442100AA6751 /* Project object */;
			proxyType = 1;
			remoteGlobalIDString = 868B02C521BF442100AA6751;
			remoteInfo = PaymentApp;
		};
/* End PBXContainerItemProxy section */

/* Begin PBXFileReference section */
		0BB5F196487051AC3408154B /* Pods-PaymentAppTests.release.xcconfig */ = {isa = PBXFileReference; includeInIndex = 1; lastKnownFileType = text.xcconfig; name = "Pods-PaymentAppTests.release.xcconfig"; path = "Pods/Target Support Files/Pods-PaymentAppTests/Pods-PaymentAppTests.release.xcconfig"; sourceTree = "<group>"; };
		26E5765D35B27897B592866A /* Pods_PaymentAppUITests.framework */ = {isa = PBXFileReference; explicitFileType = wrapper.framework; includeInIndex = 0; path = Pods_PaymentAppUITests.framework; sourceTree = BUILT_PRODUCTS_DIR; };
		807438C1B708A7E5DF205B3F /* Pods-PaymentAppUITests.release.xcconfig */ = {isa = PBXFileReference; includeInIndex = 1; lastKnownFileType = text.xcconfig; name = "Pods-PaymentAppUITests.release.xcconfig"; path = "Pods/Target Support Files/Pods-PaymentAppUITests/Pods-PaymentAppUITests.release.xcconfig"; sourceTree = "<group>"; };
		868B02C621BF442100AA6751 /* PaymentApp.app */ = {isa = PBXFileReference; explicitFileType = wrapper.application; includeInIndex = 0; path = PaymentApp.app; sourceTree = BUILT_PRODUCTS_DIR; };
		868B02C921BF442100AA6751 /* AppDelegate.swift */ = {isa = PBXFileReference; lastKnownFileType = sourcecode.swift; path = AppDelegate.swift; sourceTree = "<group>"; };
		868B02CB21BF442100AA6751 /* ViewController.swift */ = {isa = PBXFileReference; lastKnownFileType = sourcecode.swift; path = ViewController.swift; sourceTree = "<group>"; };
		868B02CE21BF442100AA6751 /* Base */ = {isa = PBXFileReference; lastKnownFileType = file.storyboard; name = Base; path = Base.lproj/Main.storyboard; sourceTree = "<group>"; };
		868B02D021BF442200AA6751 /* Assets.xcassets */ = {isa = PBXFileReference; lastKnownFileType = folder.assetcatalog; path = Assets.xcassets; sourceTree = "<group>"; };
		868B02D321BF442200AA6751 /* Base */ = {isa = PBXFileReference; lastKnownFileType = file.storyboard; name = Base; path = Base.lproj/LaunchScreen.storyboard; sourceTree = "<group>"; };
		868B02D521BF442200AA6751 /* Info.plist */ = {isa = PBXFileReference; lastKnownFileType = text.plist.xml; path = Info.plist; sourceTree = "<group>"; };
		868B02DA21BF442200AA6751 /* PaymentAppTests.xctest */ = {isa = PBXFileReference; explicitFileType = wrapper.cfbundle; includeInIndex = 0; path = PaymentAppTests.xctest; sourceTree = BUILT_PRODUCTS_DIR; };
		868B02DE21BF442200AA6751 /* PaymentAppTests.swift */ = {isa = PBXFileReference; lastKnownFileType = sourcecode.swift; path = PaymentAppTests.swift; sourceTree = "<group>"; };
		868B02E021BF442200AA6751 /* Info.plist */ = {isa = PBXFileReference; lastKnownFileType = text.plist.xml; path = Info.plist; sourceTree = "<group>"; };
		868B02E521BF442200AA6751 /* PaymentAppUITests.xctest */ = {isa = PBXFileReference; explicitFileType = wrapper.cfbundle; includeInIndex = 0; path = PaymentAppUITests.xctest; sourceTree = BUILT_PRODUCTS_DIR; };
		868B02E921BF442200AA6751 /* PaymentAppUITests.swift */ = {isa = PBXFileReference; lastKnownFileType = sourcecode.swift; path = PaymentAppUITests.swift; sourceTree = "<group>"; };
		868B02EB21BF442200AA6751 /* Info.plist */ = {isa = PBXFileReference; lastKnownFileType = text.plist.xml; path = Info.plist; sourceTree = "<group>"; };
		86F2515721BF50B500F0DBED /* CreditCardViewController.swift */ = {isa = PBXFileReference; lastKnownFileType = sourcecode.swift; path = CreditCardViewController.swift; sourceTree = "<group>"; };
		86F2515921BF781600F0DBED /* BankViewController.swift */ = {isa = PBXFileReference; lastKnownFileType = sourcecode.swift; path = BankViewController.swift; sourceTree = "<group>"; };
		95B1DC05E4758C74A81C904F /* Pods-PaymentApp.release.xcconfig */ = {isa = PBXFileReference; includeInIndex = 1; lastKnownFileType = text.xcconfig; name = "Pods-PaymentApp.release.xcconfig"; path = "Pods/Target Support Files/Pods-PaymentApp/Pods-PaymentApp.release.xcconfig"; sourceTree = "<group>"; };
		9AC9D36EE34CB2C3369DACE1 /* Pods-PaymentAppUITests.debug.xcconfig */ = {isa = PBXFileReference; includeInIndex = 1; lastKnownFileType = text.xcconfig; name = "Pods-PaymentAppUITests.debug.xcconfig"; path = "Pods/Target Support Files/Pods-PaymentAppUITests/Pods-PaymentAppUITests.debug.xcconfig"; sourceTree = "<group>"; };
		BEF5210D1447730DABB1B9CF /* Pods_PaymentAppTests.framework */ = {isa = PBXFileReference; explicitFileType = wrapper.framework; includeInIndex = 0; path = Pods_PaymentAppTests.framework; sourceTree = BUILT_PRODUCTS_DIR; };
		E733EA0883B94C5EC6496AAA /* Pods_PaymentApp.framework */ = {isa = PBXFileReference; explicitFileType = wrapper.framework; includeInIndex = 0; path = Pods_PaymentApp.framework; sourceTree = BUILT_PRODUCTS_DIR; };
		EE0C90CCD1D0AB7D1FC0391F /* Pods-PaymentApp.debug.xcconfig */ = {isa = PBXFileReference; includeInIndex = 1; lastKnownFileType = text.xcconfig; name = "Pods-PaymentApp.debug.xcconfig"; path = "Pods/Target Support Files/Pods-PaymentApp/Pods-PaymentApp.debug.xcconfig"; sourceTree = "<group>"; };
		F725DB12C362AC756835456A /* Pods-PaymentAppTests.debug.xcconfig */ = {isa = PBXFileReference; includeInIndex = 1; lastKnownFileType = text.xcconfig; name = "Pods-PaymentAppTests.debug.xcconfig"; path = "Pods/Target Support Files/Pods-PaymentAppTests/Pods-PaymentAppTests.debug.xcconfig"; sourceTree = "<group>"; };
/* End PBXFileReference section */

/* Begin PBXFrameworksBuildPhase section */
		868B02C321BF442100AA6751 /* Frameworks */ = {
			isa = PBXFrameworksBuildPhase;
			buildActionMask = 2147483647;
			files = (
				813886734DFEB80179F90D44 /* Pods_PaymentApp.framework in Frameworks */,
			);
			runOnlyForDeploymentPostprocessing = 0;
		};
		868B02D721BF442200AA6751 /* Frameworks */ = {
			isa = PBXFrameworksBuildPhase;
			buildActionMask = 2147483647;
			files = (
				DBDEB48B9A3F1DE0A9B3041D /* Pods_PaymentAppTests.framework in Frameworks */,
			);
			runOnlyForDeploymentPostprocessing = 0;
		};
		868B02E221BF442200AA6751 /* Frameworks */ = {
			isa = PBXFrameworksBuildPhase;
			buildActionMask = 2147483647;
			files = (
				CF86CC07D0F41253175E2CC7 /* Pods_PaymentAppUITests.framework in Frameworks */,
			);
			runOnlyForDeploymentPostprocessing = 0;
		};
/* End PBXFrameworksBuildPhase section */

/* Begin PBXGroup section */
		2E8657CF28861FC377A6AE45 /* Pods */ = {
			isa = PBXGroup;
			children = (
				EE0C90CCD1D0AB7D1FC0391F /* Pods-PaymentApp.debug.xcconfig */,
				95B1DC05E4758C74A81C904F /* Pods-PaymentApp.release.xcconfig */,
				F725DB12C362AC756835456A /* Pods-PaymentAppTests.debug.xcconfig */,
				0BB5F196487051AC3408154B /* Pods-PaymentAppTests.release.xcconfig */,
				9AC9D36EE34CB2C3369DACE1 /* Pods-PaymentAppUITests.debug.xcconfig */,
				807438C1B708A7E5DF205B3F /* Pods-PaymentAppUITests.release.xcconfig */,
			);
			name = Pods;
			sourceTree = "<group>";
		};
		868B02BD21BF442100AA6751 = {
			isa = PBXGroup;
			children = (
				868B02C821BF442100AA6751 /* PaymentApp */,
				868B02DD21BF442200AA6751 /* PaymentAppTests */,
				868B02E821BF442200AA6751 /* PaymentAppUITests */,
				868B02C721BF442100AA6751 /* Products */,
				2E8657CF28861FC377A6AE45 /* Pods */,
				E30EF97AD52C0222B4D72F69 /* Frameworks */,
			);
			sourceTree = "<group>";
		};
		868B02C721BF442100AA6751 /* Products */ = {
			isa = PBXGroup;
			children = (
				868B02C621BF442100AA6751 /* PaymentApp.app */,
				868B02DA21BF442200AA6751 /* PaymentAppTests.xctest */,
				868B02E521BF442200AA6751 /* PaymentAppUITests.xctest */,
			);
			name = Products;
			sourceTree = "<group>";
		};
		868B02C821BF442100AA6751 /* PaymentApp */ = {
			isa = PBXGroup;
			children = (
				86F2515621BF506C00F0DBED /* ViewControllers */,
				868B02C921BF442100AA6751 /* AppDelegate.swift */,
				868B02CD21BF442100AA6751 /* Main.storyboard */,
				868B02D021BF442200AA6751 /* Assets.xcassets */,
				868B02D221BF442200AA6751 /* LaunchScreen.storyboard */,
				868B02D521BF442200AA6751 /* Info.plist */,
			);
			path = PaymentApp;
			sourceTree = "<group>";
		};
		868B02DD21BF442200AA6751 /* PaymentAppTests */ = {
			isa = PBXGroup;
			children = (
				868B02DE21BF442200AA6751 /* PaymentAppTests.swift */,
				868B02E021BF442200AA6751 /* Info.plist */,
			);
			path = PaymentAppTests;
			sourceTree = "<group>";
		};
		868B02E821BF442200AA6751 /* PaymentAppUITests */ = {
			isa = PBXGroup;
			children = (
				868B02E921BF442200AA6751 /* PaymentAppUITests.swift */,
				868B02EB21BF442200AA6751 /* Info.plist */,
			);
			path = PaymentAppUITests;
			sourceTree = "<group>";
		};
		86F2515621BF506C00F0DBED /* ViewControllers */ = {
			isa = PBXGroup;
			children = (
				868B02CB21BF442100AA6751 /* ViewController.swift */,
				86F2515721BF50B500F0DBED /* CreditCardViewController.swift */,
				86F2515921BF781600F0DBED /* BankViewController.swift */,
			);
			path = ViewControllers;
			sourceTree = "<group>";
		};
		E30EF97AD52C0222B4D72F69 /* Frameworks */ = {
			isa = PBXGroup;
			children = (
				E733EA0883B94C5EC6496AAA /* Pods_PaymentApp.framework */,
				BEF5210D1447730DABB1B9CF /* Pods_PaymentAppTests.framework */,
				26E5765D35B27897B592866A /* Pods_PaymentAppUITests.framework */,
			);
			name = Frameworks;
			sourceTree = "<group>";
		};
/* End PBXGroup section */

/* Begin PBXNativeTarget section */
		868B02C521BF442100AA6751 /* PaymentApp */ = {
			isa = PBXNativeTarget;
			buildConfigurationList = 868B02EE21BF442200AA6751 /* Build configuration list for PBXNativeTarget "PaymentApp" */;
			buildPhases = (
				867E3A29EA967403C0AE321E /* [CP] Check Pods Manifest.lock */,
				868B02C221BF442100AA6751 /* Sources */,
				868B02C321BF442100AA6751 /* Frameworks */,
				868B02C421BF442100AA6751 /* Resources */,
				557B5D5CD2FCFCD26FE961C2 /* [CP] Embed Pods Frameworks */,
			);
			buildRules = (
			);
			dependencies = (
			);
			name = PaymentApp;
			productName = PaymentApp;
			productReference = 868B02C621BF442100AA6751 /* PaymentApp.app */;
			productType = "com.apple.product-type.application";
		};
		868B02D921BF442200AA6751 /* PaymentAppTests */ = {
			isa = PBXNativeTarget;
			buildConfigurationList = 868B02F121BF442200AA6751 /* Build configuration list for PBXNativeTarget "PaymentAppTests" */;
			buildPhases = (
				3D48ECA1A9B9150DA9A1001D /* [CP] Check Pods Manifest.lock */,
				868B02D621BF442200AA6751 /* Sources */,
				868B02D721BF442200AA6751 /* Frameworks */,
				868B02D821BF442200AA6751 /* Resources */,
			);
			buildRules = (
			);
			dependencies = (
				868B02DC21BF442200AA6751 /* PBXTargetDependency */,
			);
			name = PaymentAppTests;
			productName = PaymentAppTests;
			productReference = 868B02DA21BF442200AA6751 /* PaymentAppTests.xctest */;
			productType = "com.apple.product-type.bundle.unit-test";
		};
		868B02E421BF442200AA6751 /* PaymentAppUITests */ = {
			isa = PBXNativeTarget;
			buildConfigurationList = 868B02F421BF442200AA6751 /* Build configuration list for PBXNativeTarget "PaymentAppUITests" */;
			buildPhases = (
				04B771774ABB285077DF7E40 /* [CP] Check Pods Manifest.lock */,
				868B02E121BF442200AA6751 /* Sources */,
				868B02E221BF442200AA6751 /* Frameworks */,
				868B02E321BF442200AA6751 /* Resources */,
			);
			buildRules = (
			);
			dependencies = (
				868B02E721BF442200AA6751 /* PBXTargetDependency */,
			);
			name = PaymentAppUITests;
			productName = PaymentAppUITests;
			productReference = 868B02E521BF442200AA6751 /* PaymentAppUITests.xctest */;
			productType = "com.apple.product-type.bundle.ui-testing";
		};
/* End PBXNativeTarget section */

/* Begin PBXProject section */
		868B02BE21BF442100AA6751 /* Project object */ = {
			isa = PBXProject;
			attributes = {
				LastSwiftUpdateCheck = 1010;
				LastUpgradeCheck = 1010;
				ORGANIZATIONNAME = "David Guajardo Osorio";
				TargetAttributes = {
					868B02C521BF442100AA6751 = {
						CreatedOnToolsVersion = 10.1;
					};
					868B02D921BF442200AA6751 = {
						CreatedOnToolsVersion = 10.1;
						TestTargetID = 868B02C521BF442100AA6751;
					};
					868B02E421BF442200AA6751 = {
						CreatedOnToolsVersion = 10.1;
						TestTargetID = 868B02C521BF442100AA6751;
					};
				};
			};
			buildConfigurationList = 868B02C121BF442100AA6751 /* Build configuration list for PBXProject "PaymentApp" */;
			compatibilityVersion = "Xcode 9.3";
			developmentRegion = en;
			hasScannedForEncodings = 0;
			knownRegions = (
				en,
				Base,
			);
			mainGroup = 868B02BD21BF442100AA6751;
			productRefGroup = 868B02C721BF442100AA6751 /* Products */;
			projectDirPath = "";
			projectRoot = "";
			targets = (
				868B02C521BF442100AA6751 /* PaymentApp */,
				868B02D921BF442200AA6751 /* PaymentAppTests */,
				868B02E421BF442200AA6751 /* PaymentAppUITests */,
			);
		};
/* End PBXProject section */

/* Begin PBXResourcesBuildPhase section */
		868B02C421BF442100AA6751 /* Resources */ = {
			isa = PBXResourcesBuildPhase;
			buildActionMask = 2147483647;
			files = (
				868B02D421BF442200AA6751 /* LaunchScreen.storyboard in Resources */,
				868B02D121BF442200AA6751 /* Assets.xcassets in Resources */,
				868B02CF21BF442100AA6751 /* Main.storyboard in Resources */,
			);
			runOnlyForDeploymentPostprocessing = 0;
		};
		868B02D821BF442200AA6751 /* Resources */ = {
			isa = PBXResourcesBuildPhase;
			buildActionMask = 2147483647;
			files = (
			);
			runOnlyForDeploymentPostprocessing = 0;
		};
		868B02E321BF442200AA6751 /* Resources */ = {
			isa = PBXResourcesBuildPhase;
			buildActionMask = 2147483647;
			files = (
			);
			runOnlyForDeploymentPostprocessing = 0;
		};
/* End PBXResourcesBuildPhase section */

/* Begin PBXShellScriptBuildPhase section */
		04B771774ABB285077DF7E40 /* [CP] Check Pods Manifest.lock */ = {
			isa = PBXShellScriptBuildPhase;
			buildActionMask = 2147483647;
			files = (
			);
			inputFileListPaths = (
			);
			inputPaths = (
				"${PODS_PODFILE_DIR_PATH}/Podfile.lock",
				"${PODS_ROOT}/Manifest.lock",
			);
			name = "[CP] Check Pods Manifest.lock";
			outputFileListPaths = (
			);
			outputPaths = (
				"$(DERIVED_FILE_DIR)/Pods-PaymentAppUITests-checkManifestLockResult.txt",
			);
			runOnlyForDeploymentPostprocessing = 0;
			shellPath = /bin/sh;
			shellScript = "diff \"${PODS_PODFILE_DIR_PATH}/Podfile.lock\" \"${PODS_ROOT}/Manifest.lock\" > /dev/null\nif [ $? != 0 ] ; then\n    # print error to STDERR\n    echo \"error: The sandbox is not in sync with the Podfile.lock. Run 'pod install' or update your CocoaPods installation.\" >&2\n    exit 1\nfi\n# This output is used by Xcode 'outputs' to avoid re-running this script phase.\necho \"SUCCESS\" > \"${SCRIPT_OUTPUT_FILE_0}\"\n";
			showEnvVarsInLog = 0;
		};
		3D48ECA1A9B9150DA9A1001D /* [CP] Check Pods Manifest.lock */ = {
			isa = PBXShellScriptBuildPhase;
			buildActionMask = 2147483647;
			files = (
			);
			inputFileListPaths = (
			);
			inputPaths = (
				"${PODS_PODFILE_DIR_PATH}/Podfile.lock",
				"${PODS_ROOT}/Manifest.lock",
			);
			name = "[CP] Check Pods Manifest.lock";
			outputFileListPaths = (
			);
			outputPaths = (
				"$(DERIVED_FILE_DIR)/Pods-PaymentAppTests-checkManifestLockResult.txt",
			);
			runOnlyForDeploymentPostprocessing = 0;
			shellPath = /bin/sh;
			shellScript = "diff \"${PODS_PODFILE_DIR_PATH}/Podfile.lock\" \"${PODS_ROOT}/Manifest.lock\" > /dev/null\nif [ $? != 0 ] ; then\n    # print error to STDERR\n    echo \"error: The sandbox is not in sync with the Podfile.lock. Run 'pod install' or update your CocoaPods installation.\" >&2\n    exit 1\nfi\n# This output is used by Xcode 'outputs' to avoid re-running this script phase.\necho \"SUCCESS\" > \"${SCRIPT_OUTPUT_FILE_0}\"\n";
			showEnvVarsInLog = 0;
		};
		557B5D5CD2FCFCD26FE961C2 /* [CP] Embed Pods Frameworks */ = {
			isa = PBXShellScriptBuildPhase;
			buildActionMask = 2147483647;
			files = (
			);
			inputFileListPaths = (
			);
			inputPaths = (
				"${SRCROOT}/Pods/Target Support Files/Pods-PaymentApp/Pods-PaymentApp-frameworks.sh",
				"${BUILT_PRODUCTS_DIR}/Alamofire/Alamofire.framework",
				"${BUILT_PRODUCTS_DIR}/SwiftyJSON/SwiftyJSON.framework",
			);
			name = "[CP] Embed Pods Frameworks";
			outputFileListPaths = (
			);
			outputPaths = (
				"${TARGET_BUILD_DIR}/${FRAMEWORKS_FOLDER_PATH}/Alamofire.framework",
				"${TARGET_BUILD_DIR}/${FRAMEWORKS_FOLDER_PATH}/SwiftyJSON.framework",
			);
			runOnlyForDeploymentPostprocessing = 0;
			shellPath = /bin/sh;
			shellScript = "\"${SRCROOT}/Pods/Target Support Files/Pods-PaymentApp/Pods-PaymentApp-frameworks.sh\"\n";
			showEnvVarsInLog = 0;
		};
		867E3A29EA967403C0AE321E /* [CP] Check Pods Manifest.lock */ = {
			isa = PBXShellScriptBuildPhase;
			buildActionMask = 2147483647;
			files = (
			);
			inputFileListPaths = (
			);
			inputPaths = (
				"${PODS_PODFILE_DIR_PATH}/Podfile.lock",
				"${PODS_ROOT}/Manifest.lock",
			);
			name = "[CP] Check Pods Manifest.lock";
			outputFileListPaths = (
			);
			outputPaths = (
				"$(DERIVED_FILE_DIR)/Pods-PaymentApp-checkManifestLockResult.txt",
			);
			runOnlyForDeploymentPostprocessing = 0;
			shellPath = /bin/sh;
			shellScript = "diff \"${PODS_PODFILE_DIR_PATH}/Podfile.lock\" \"${PODS_ROOT}/Manifest.lock\" > /dev/null\nif [ $? != 0 ] ; then\n    # print error to STDERR\n    echo \"error: The sandbox is not in sync with the Podfile.lock. Run 'pod install' or update your CocoaPods installation.\" >&2\n    exit 1\nfi\n# This output is used by Xcode 'outputs' to avoid re-running this script phase.\necho \"SUCCESS\" > \"${SCRIPT_OUTPUT_FILE_0}\"\n";
			showEnvVarsInLog = 0;
		};
/* End PBXShellScriptBuildPhase section */

/* Begin PBXSourcesBuildPhase section */
		868B02C221BF442100AA6751 /* Sources */ = {
			isa = PBXSourcesBuildPhase;
			buildActionMask = 2147483647;
			files = (
				868B02CC21BF442100AA6751 /* ViewController.swift in Sources */,
				868B02CA21BF442100AA6751 /* AppDelegate.swift in Sources */,
				86F2515A21BF781600F0DBED /* BankViewController.swift in Sources */,
				86F2515821BF50B500F0DBED /* CreditCardViewController.swift in Sources */,
			);
			runOnlyForDeploymentPostprocessing = 0;
		};
		868B02D621BF442200AA6751 /* Sources */ = {
			isa = PBXSourcesBuildPhase;
			buildActionMask = 2147483647;
			files = (
				868B02DF21BF442200AA6751 /* PaymentAppTests.swift in Sources */,
			);
			runOnlyForDeploymentPostprocessing = 0;
		};
		868B02E121BF442200AA6751 /* Sources */ = {
			isa = PBXSourcesBuildPhase;
			buildActionMask = 2147483647;
			files = (
				868B02EA21BF442200AA6751 /* PaymentAppUITests.swift in Sources */,
			);
			runOnlyForDeploymentPostprocessing = 0;
		};
/* End PBXSourcesBuildPhase section */

/* Begin PBXTargetDependency section */
		868B02DC21BF442200AA6751 /* PBXTargetDependency */ = {
			isa = PBXTargetDependency;
			target = 868B02C521BF442100AA6751 /* PaymentApp */;
			targetProxy = 868B02DB21BF442200AA6751 /* PBXContainerItemProxy */;
		};
		868B02E721BF442200AA6751 /* PBXTargetDependency */ = {
			isa = PBXTargetDependency;
			target = 868B02C521BF442100AA6751 /* PaymentApp */;
			targetProxy = 868B02E621BF442200AA6751 /* PBXContainerItemProxy */;
		};
/* End PBXTargetDependency section */

/* Begin PBXVariantGroup section */
		868B02CD21BF442100AA6751 /* Main.storyboard */ = {
			isa = PBXVariantGroup;
			children = (
				868B02CE21BF442100AA6751 /* Base */,
			);
			name = Main.storyboard;
			sourceTree = "<group>";
		};
		868B02D221BF442200AA6751 /* LaunchScreen.storyboard */ = {
			isa = PBXVariantGroup;
			children = (
				868B02D321BF442200AA6751 /* Base */,
			);
			name = LaunchScreen.storyboard;
			sourceTree = "<group>";
		};
/* End PBXVariantGroup section */

/* Begin XCBuildConfiguration section */
		868B02EC21BF442200AA6751 /* Debug */ = {
			isa = XCBuildConfiguration;
			buildSettings = {
				ALWAYS_SEARCH_USER_PATHS = NO;
				CLANG_ANALYZER_NONNULL = YES;
				CLANG_ANALYZER_NUMBER_OBJECT_CONVERSION = YES_AGGRESSIVE;
				CLANG_CXX_LANGUAGE_STANDARD = "gnu++14";
				CLANG_CXX_LIBRARY = "libc++";
				CLANG_ENABLE_MODULES = YES;
				CLANG_ENABLE_OBJC_ARC = YES;
				CLANG_ENABLE_OBJC_WEAK = YES;
				CLANG_WARN_BLOCK_CAPTURE_AUTORELEASING = YES;
				CLANG_WARN_BOOL_CONVERSION = YES;
				CLANG_WARN_COMMA = YES;
				CLANG_WARN_CONSTANT_CONVERSION = YES;
				CLANG_WARN_DEPRECATED_OBJC_IMPLEMENTATIONS = YES;
				CLANG_WARN_DIRECT_OBJC_ISA_USAGE = YES_ERROR;
				CLANG_WARN_DOCUMENTATION_COMMENTS = YES;
				CLANG_WARN_EMPTY_BODY = YES;
				CLANG_WARN_ENUM_CONVERSION = YES;
				CLANG_WARN_INFINITE_RECURSION = YES;
				CLANG_WARN_INT_CONVERSION = YES;
				CLANG_WARN_NON_LITERAL_NULL_CONVERSION = YES;
				CLANG_WARN_OBJC_IMPLICIT_RETAIN_SELF = YES;
				CLANG_WARN_OBJC_LITERAL_CONVERSION = YES;
				CLANG_WARN_OBJC_ROOT_CLASS = YES_ERROR;
				CLANG_WARN_RANGE_LOOP_ANALYSIS = YES;
				CLANG_WARN_STRICT_PROTOTYPES = YES;
				CLANG_WARN_SUSPICIOUS_MOVE = YES;
				CLANG_WARN_UNGUARDED_AVAILABILITY = YES_AGGRESSIVE;
				CLANG_WARN_UNREACHABLE_CODE = YES;
				CLANG_WARN__DUPLICATE_METHOD_MATCH = YES;
				CODE_SIGN_IDENTITY = "iPhone Developer";
				COPY_PHASE_STRIP = NO;
				DEBUG_INFORMATION_FORMAT = dwarf;
				ENABLE_STRICT_OBJC_MSGSEND = YES;
				ENABLE_TESTABILITY = YES;
				GCC_C_LANGUAGE_STANDARD = gnu11;
				GCC_DYNAMIC_NO_PIC = NO;
				GCC_NO_COMMON_BLOCKS = YES;
				GCC_OPTIMIZATION_LEVEL = 0;
				GCC_PREPROCESSOR_DEFINITIONS = (
					"DEBUG=1",
					"$(inherited)",
				);
				GCC_WARN_64_TO_32_BIT_CONVERSION = YES;
				GCC_WARN_ABOUT_RETURN_TYPE = YES_ERROR;
				GCC_WARN_UNDECLARED_SELECTOR = YES;
				GCC_WARN_UNINITIALIZED_AUTOS = YES_AGGRESSIVE;
				GCC_WARN_UNUSED_FUNCTION = YES;
				GCC_WARN_UNUSED_VARIABLE = YES;
				IPHONEOS_DEPLOYMENT_TARGET = 12.1;
				MTL_ENABLE_DEBUG_INFO = INCLUDE_SOURCE;
				MTL_FAST_MATH = YES;
				ONLY_ACTIVE_ARCH = YES;
				SDKROOT = iphoneos;
				SWIFT_ACTIVE_COMPILATION_CONDITIONS = DEBUG;
				SWIFT_OPTIMIZATION_LEVEL = "-Onone";
			};
			name = Debug;
		};
		868B02ED21BF442200AA6751 /* Release */ = {
			isa = XCBuildConfiguration;
			buildSettings = {
				ALWAYS_SEARCH_USER_PATHS = NO;
				CLANG_ANALYZER_NONNULL = YES;
				CLANG_ANALYZER_NUMBER_OBJECT_CONVERSION = YES_AGGRESSIVE;
				CLANG_CXX_LANGUAGE_STANDARD = "gnu++14";
				CLANG_CXX_LIBRARY = "libc++";
				CLANG_ENABLE_MODULES = YES;
				CLANG_ENABLE_OBJC_ARC = YES;
				CLANG_ENABLE_OBJC_WEAK = YES;
				CLANG_WARN_BLOCK_CAPTURE_AUTORELEASING = YES;
				CLANG_WARN_BOOL_CONVERSION = YES;
				CLANG_WARN_COMMA = YES;
				CLANG_WARN_CONSTANT_CONVERSION = YES;
				CLANG_WARN_DEPRECATED_OBJC_IMPLEMENTATIONS = YES;
				CLANG_WARN_DIRECT_OBJC_ISA_USAGE = YES_ERROR;
				CLANG_WARN_DOCUMENTATION_COMMENTS = YES;
				CLANG_WARN_EMPTY_BODY = YES;
				CLANG_WARN_ENUM_CONVERSION = YES;
				CLANG_WARN_INFINITE_RECURSION = YES;
				CLANG_WARN_INT_CONVERSION = YES;
				CLANG_WARN_NON_LITERAL_NULL_CONVERSION = YES;
				CLANG_WARN_OBJC_IMPLICIT_RETAIN_SELF = YES;
				CLANG_WARN_OBJC_LITERAL_CONVERSION = YES;
				CLANG_WARN_OBJC_ROOT_CLASS = YES_ERROR;
				CLANG_WARN_RANGE_LOOP_ANALYSIS = YES;
				CLANG_WARN_STRICT_PROTOTYPES = YES;
				CLANG_WARN_SUSPICIOUS_MOVE = YES;
				CLANG_WARN_UNGUARDED_AVAILABILITY = YES_AGGRESSIVE;
				CLANG_WARN_UNREACHABLE_CODE = YES;
				CLANG_WARN__DUPLICATE_METHOD_MATCH = YES;
				CODE_SIGN_IDENTITY = "iPhone Developer";
				COPY_PHASE_STRIP = NO;
				DEBUG_INFORMATION_FORMAT = "dwarf-with-dsym";
				ENABLE_NS_ASSERTIONS = NO;
				ENABLE_STRICT_OBJC_MSGSEND = YES;
				GCC_C_LANGUAGE_STANDARD = gnu11;
				GCC_NO_COMMON_BLOCKS = YES;
				GCC_WARN_64_TO_32_BIT_CONVERSION = YES;
				GCC_WARN_ABOUT_RETURN_TYPE = YES_ERROR;
				GCC_WARN_UNDECLARED_SELECTOR = YES;
				GCC_WARN_UNINITIALIZED_AUTOS = YES_AGGRESSIVE;
				GCC_WARN_UNUSED_FUNCTION = YES;
				GCC_WARN_UNUSED_VARIABLE = YES;
				IPHONEOS_DEPLOYMENT_TARGET = 12.1;
				MTL_ENABLE_DEBUG_INFO = NO;
				MTL_FAST_MATH = YES;
				SDKROOT = iphoneos;
				SWIFT_COMPILATION_MODE = wholemodule;
				SWIFT_OPTIMIZATION_LEVEL = "-O";
				VALIDATE_PRODUCT = YES;
			};
			name = Release;
		};
		868B02EF21BF442200AA6751 /* Debug */ = {
			isa = XCBuildConfiguration;
			baseConfigurationReference = EE0C90CCD1D0AB7D1FC0391F /* Pods-PaymentApp.debug.xcconfig */;
			buildSettings = {
				ASSETCATALOG_COMPILER_APPICON_NAME = AppIcon;
				CODE_SIGN_STYLE = Automatic;
				DEVELOPMENT_TEAM = 5ZBPY3WQR3;
				INFOPLIST_FILE = PaymentApp/Info.plist;
				LD_RUNPATH_SEARCH_PATHS = (
					"$(inherited)",
					"@executable_path/Frameworks",
				);
				PRODUCT_BUNDLE_IDENTIFIER = david.cl.PaymentApp;
				PRODUCT_NAME = "$(TARGET_NAME)";
				SWIFT_VERSION = 4.2;
				TARGETED_DEVICE_FAMILY = "1,2";
			};
			name = Debug;
		};
		868B02F021BF442200AA6751 /* Release */ = {
			isa = XCBuildConfiguration;
			baseConfigurationReference = 95B1DC05E4758C74A81C904F /* Pods-PaymentApp.release.xcconfig */;
			buildSettings = {
				ASSETCATALOG_COMPILER_APPICON_NAME = AppIcon;
				CODE_SIGN_STYLE = Automatic;
				DEVELOPMENT_TEAM = 5ZBPY3WQR3;
				INFOPLIST_FILE = PaymentApp/Info.plist;
				LD_RUNPATH_SEARCH_PATHS = (
					"$(inherited)",
					"@executable_path/Frameworks",
				);
				PRODUCT_BUNDLE_IDENTIFIER = david.cl.PaymentApp;
				PRODUCT_NAME = "$(TARGET_NAME)";
				SWIFT_VERSION = 4.2;
				TARGETED_DEVICE_FAMILY = "1,2";
			};
			name = Release;
		};
		868B02F221BF442200AA6751 /* Debug */ = {
			isa = XCBuildConfiguration;
			baseConfigurationReference = F725DB12C362AC756835456A /* Pods-PaymentAppTests.debug.xcconfig */;
			buildSettings = {
				ALWAYS_EMBED_SWIFT_STANDARD_LIBRARIES = YES;
				BUNDLE_LOADER = "$(TEST_HOST)";
				CODE_SIGN_STYLE = Automatic;
				DEVELOPMENT_TEAM = 5ZBPY3WQR3;
				INFOPLIST_FILE = PaymentAppTests/Info.plist;
				LD_RUNPATH_SEARCH_PATHS = (
					"$(inherited)",
					"@executable_path/Frameworks",
					"@loader_path/Frameworks",
				);
				PRODUCT_BUNDLE_IDENTIFIER = david.cl.PaymentAppTests;
				PRODUCT_NAME = "$(TARGET_NAME)";
				SWIFT_VERSION = 4.2;
				TARGETED_DEVICE_FAMILY = "1,2";
				TEST_HOST = "$(BUILT_PRODUCTS_DIR)/PaymentApp.app/PaymentApp";
			};
			name = Debug;
		};
		868B02F321BF442200AA6751 /* Release */ = {
			isa = XCBuildConfiguration;
			baseConfigurationReference = 0BB5F196487051AC3408154B /* Pods-PaymentAppTests.release.xcconfig */;
			buildSettings = {
				ALWAYS_EMBED_SWIFT_STANDARD_LIBRARIES = YES;
				BUNDLE_LOADER = "$(TEST_HOST)";
				CODE_SIGN_STYLE = Automatic;
				DEVELOPMENT_TEAM = 5ZBPY3WQR3;
				INFOPLIST_FILE = PaymentAppTests/Info.plist;
				LD_RUNPATH_SEARCH_PATHS = (
					"$(inherited)",
					"@executable_path/Frameworks",
					"@loader_path/Frameworks",
				);
				PRODUCT_BUNDLE_IDENTIFIER = david.cl.PaymentAppTests;
				PRODUCT_NAME = "$(TARGET_NAME)";
				SWIFT_VERSION = 4.2;
				TARGETED_DEVICE_FAMILY = "1,2";
				TEST_HOST = "$(BUILT_PRODUCTS_DIR)/PaymentApp.app/PaymentApp";
			};
			name = Release;
		};
		868B02F521BF442200AA6751 /* Debug */ = {
			isa = XCBuildConfiguration;
			baseConfigurationReference = 9AC9D36EE34CB2C3369DACE1 /* Pods-PaymentAppUITests.debug.xcconfig */;
			buildSettings = {
				ALWAYS_EMBED_SWIFT_STANDARD_LIBRARIES = YES;
				CODE_SIGN_STYLE = Automatic;
				DEVELOPMENT_TEAM = 5ZBPY3WQR3;
				INFOPLIST_FILE = PaymentAppUITests/Info.plist;
				LD_RUNPATH_SEARCH_PATHS = (
					"$(inherited)",
					"@executable_path/Frameworks",
					"@loader_path/Frameworks",
				);
				PRODUCT_BUNDLE_IDENTIFIER = david.cl.PaymentAppUITests;
				PRODUCT_NAME = "$(TARGET_NAME)";
				SWIFT_VERSION = 4.2;
				TARGETED_DEVICE_FAMILY = "1,2";
				TEST_TARGET_NAME = PaymentApp;
			};
			name = Debug;
		};
		868B02F621BF442200AA6751 /* Release */ = {
			isa = XCBuildConfiguration;
			baseConfigurationReference = 807438C1B708A7E5DF205B3F /* Pods-PaymentAppUITests.release.xcconfig */;
			buildSettings = {
				ALWAYS_EMBED_SWIFT_STANDARD_LIBRARIES = YES;
				CODE_SIGN_STYLE = Automatic;
				DEVELOPMENT_TEAM = 5ZBPY3WQR3;
				INFOPLIST_FILE = PaymentAppUITests/Info.plist;
				LD_RUNPATH_SEARCH_PATHS = (
					"$(inherited)",
					"@executable_path/Frameworks",
					"@loader_path/Frameworks",
				);
				PRODUCT_BUNDLE_IDENTIFIER = david.cl.PaymentAppUITests;
				PRODUCT_NAME = "$(TARGET_NAME)";
				SWIFT_VERSION = 4.2;
				TARGETED_DEVICE_FAMILY = "1,2";
				TEST_TARGET_NAME = PaymentApp;
			};
			name = Release;
		};
/* End XCBuildConfiguration section */

/* Begin XCConfigurationList section */
		868B02C121BF442100AA6751 /* Build configuration list for PBXProject "PaymentApp" */ = {
			isa = XCConfigurationList;
			buildConfigurations = (
				868B02EC21BF442200AA6751 /* Debug */,
				868B02ED21BF442200AA6751 /* Release */,
			);
			defaultConfigurationIsVisible = 0;
			defaultConfigurationName = Release;
		};
		868B02EE21BF442200AA6751 /* Build configuration list for PBXNativeTarget "PaymentApp" */ = {
			isa = XCConfigurationList;
			buildConfigurations = (
				868B02EF21BF442200AA6751 /* Debug */,
				868B02F021BF442200AA6751 /* Release */,
			);
			defaultConfigurationIsVisible = 0;
			defaultConfigurationName = Release;
		};
		868B02F121BF442200AA6751 /* Build configuration list for PBXNativeTarget "PaymentAppTests" */ = {
			isa = XCConfigurationList;
			buildConfigurations = (
				868B02F221BF442200AA6751 /* Debug */,
				868B02F321BF442200AA6751 /* Release */,
			);
			defaultConfigurationIsVisible = 0;
			defaultConfigurationName = Release;
		};
		868B02F421BF442200AA6751 /* Build configuration list for PBXNativeTarget "PaymentAppUITests" */ = {
			isa = XCConfigurationList;
			buildConfigurations = (
				868B02F521BF442200AA6751 /* Debug */,
				868B02F621BF442200AA6751 /* Release */,
			);
			defaultConfigurationIsVisible = 0;
			defaultConfigurationName = Release;
		};
/* End XCConfigurationList section */
	};
	rootObject = 868B02BE21BF442100AA6751 /* Project object */;
}
